Microsoft Visual Studio Solution File, Format Version 12.00
# Visual Studio Version 17
VisualStudioVersion = 17.5.2.0
MinimumVisualStudioVersion = 10.0.40219.1
Project("{FAE04EC0-301F-11D3-BF4B-00C04F79EFBC}") = "Object Oriented Programming", "Object Oriented Programming.csproj", "{D73994C3-D21C-92AA-1655-1499EC30B240}"
EndProject
Global
	GlobalSection(SolutionConfigurationPlatforms) = preSolution
		Debug|Any CPU = Debug|Any CPU
		Release|Any CPU = Release|Any CPU
	EndGlobalSection
	GlobalSection(ProjectConfigurationPlatforms) = postSolution
		{D73994C3-D21C-92AA-1655-1499EC30B240}.Debug|Any CPU.ActiveCfg = Debug|Any CPU
		{D73994C3-D21C-92AA-1655-1499EC30B240}.Debug|Any CPU.Build.0 = Debug|Any CPU
		{D73994C3-D21C-92AA-1655-1499EC30B240}.Release|Any CPU.ActiveCfg = Release|Any CPU
		{D73994C3-D21C-92AA-1655-1499EC30B240}.Release|Any CPU.Build.0 = Release|Any CPU
	EndGlobalSection
	GlobalSection(SolutionProperties) = preSolution
		HideSolutionNode = FALSE
	EndGlobalSection
	GlobalSection(ExtensibilityGlobals) = postSolution
		SolutionGuid = {B221CCE4-6CA0-4F07-A5A0-C472A0C96976}
	EndGlobalSection
EndGlobal
